
Microsoft Visual Studio Solution File, Format Version 12.00
# Visual Studio Version 17
VisualStudioVersion = 17.7.34003.232
MinimumVisualStudioVersion = 10.0.40219.1
Project("{9A19103F-16F7-4668-BE54-9A1E7A4F7556}") = "Program", "Program.csproj", "{A6A57D24-B5C7-4BF9-9172-07FE4F727310}"
EndProject
Project("{9A19103F-16F7-4668-BE54-9A1E7A4F7556}") = "Class1th (Single Linked List)", "..\Class1th (Single Linked List)\Class1th (Single Linked List).csproj", "{31F0095B-94A3-45B1-A5AA-B8149A4274BE}"
EndProject
Project("{9A19103F-16F7-4668-BE54-9A1E7A4F7556}") = "Class2th (Double Linked List)", "..\Class2th (Double Linked List)\Class2th (Double Linked List).csproj", "{D982BF88-4882-4585-B96E-BB883E2D1D24}"
EndProject
Project("{9A19103F-16F7-4668-BE54-9A1E7A4F7556}") = "Class3th (Circle Linked List)", "..\Class3th (Circle Linked List)\Class3th (Circle Linked List).csproj", "{E28A5FA5-866E-4C31-9C1D-90BE16CB178B}"
EndProject
Project("{9A19103F-16F7-4668-BE54-9A1E7A4F7556}") = "Class4th (Stack)", "..\Class4th (Stack)\Class4th (Stack).csproj", "{DD2735F6-3EDF-445B-823C-BB45D4CA01C5}"
EndProject
Project("{9A19103F-16F7-4668-BE54-9A1E7A4F7556}") = "Class5th (Linear Queue)", "..\Class5th (Linear Queue)\Class5th (Linear Queue).csproj", "{607FE87F-4AFB-479A-985D-C94D4AE5E21B}"
EndProject
Project("{9A19103F-16F7-4668-BE54-9A1E7A4F7556}") = "Class6th (Circle Queue)", "..\Class6th (Circle Queue)\Class6th (Circle Queue).csproj", "{9F70D9B7-48A1-4192-B4E0-532EA886076E}"
EndProject
Project("{9A19103F-16F7-4668-BE54-9A1E7A4F7556}") = "Class7th (Vector)", "..\Class7th (Vector)\Class7th (Vector).csproj", "{081C5987-82DF-4292-83F7-2B71F2FF9B7E}"
EndProject
Project("{9A19103F-16F7-4668-BE54-9A1E7A4F7556}") = "Class8th (String)", "..\Class8th (String)\Class8th (String).csproj", "{7CC60C7D-A5C0-435B-8A49-015F7059CA7F}"
EndProject
Project("{9A19103F-16F7-4668-BE54-9A1E7A4F7556}") = "Class9th (File Input & Output)", "..\Class9th (File Input & Output)\Class9th (File Input & Output).csproj", "{5DE521CA-C159-4091-B9BA-7DC6F0A027E4}"
EndProject
Project("{9A19103F-16F7-4668-BE54-9A1E7A4F7556}") = "Class10th (Hash Table)", "..\Class10th (Hash Table)\Class10th (Hash Table).csproj", "{3E0308EC-801A-4075-9DCF-E10AC0135A14}"
EndProject
Project("{9A19103F-16F7-4668-BE54-9A1E7A4F7556}") = "Class11th (Binary Tree)", "..\Class11th (Binary Tree)\Class11th (Binary Tree).csproj", "{7B368F1D-8BCE-458F-B110-4A55A3E730CD}"
EndProject
Project("{FAE04EC0-301F-11D3-BF4B-00C04F79EFBC}") = "Class12th (Heap)", "..\Class12th (Heap)\Class12th (Heap).csproj", "{F4E9D121-CF8B-46B4-9652-C423451D0E35}"
EndProject
Project("{FAE04EC0-301F-11D3-BF4B-00C04F79EFBC}") = "Class13th (Graph Adjacency Matrix)", "..\Class13th (Graph Adjacency Matrix)\Class13th (Graph Adjacency Matrix).csproj", "{0CDFDB04-0801-4A87-9407-EBF8B478CFE5}"
EndProject
Global
	GlobalSection(SolutionConfigurationPlatforms) = preSolution
		Debug|Any CPU = Debug|Any CPU
		Release|Any CPU = Release|Any CPU
	EndGlobalSection
	GlobalSection(ProjectConfigurationPlatforms) = postSolution
		{A6A57D24-B5C7-4BF9-9172-07FE4F727310}.Debug|Any CPU.ActiveCfg = Debug|Any CPU
		{A6A57D24-B5C7-4BF9-9172-07FE4F727310}.Debug|Any CPU.Build.0 = Debug|Any CPU
		{A6A57D24-B5C7-4BF9-9172-07FE4F727310}.Release|Any CPU.ActiveCfg = Release|Any CPU
		{A6A57D24-B5C7-4BF9-9172-07FE4F727310}.Release|Any CPU.Build.0 = Release|Any CPU
		{31F0095B-94A3-45B1-A5AA-B8149A4274BE}.Debug|Any CPU.ActiveCfg = Debug|Any CPU
		{31F0095B-94A3-45B1-A5AA-B8149A4274BE}.Debug|Any CPU.Build.0 = Debug|Any CPU
		{31F0095B-94A3-45B1-A5AA-B8149A4274BE}.Release|Any CPU.ActiveCfg = Release|Any CPU
		{31F0095B-94A3-45B1-A5AA-B8149A4274BE}.Release|Any CPU.Build.0 = Release|Any CPU
		{D982BF88-4882-4585-B96E-BB883E2D1D24}.Debug|Any CPU.ActiveCfg = Debug|Any CPU
		{D982BF88-4882-4585-B96E-BB883E2D1D24}.Debug|Any CPU.Build.0 = Debug|Any CPU
		{D982BF88-4882-4585-B96E-BB883E2D1D24}.Release|Any CPU.ActiveCfg = Release|Any CPU
		{D982BF88-4882-4585-B96E-BB883E2D1D24}.Release|Any CPU.Build.0 = Release|Any CPU
		{E28A5FA5-866E-4C31-9C1D-90BE16CB178B}.Debug|Any CPU.ActiveCfg = Debug|Any CPU
		{E28A5FA5-866E-4C31-9C1D-90BE16CB178B}.Debug|Any CPU.Build.0 = Debug|Any CPU
		{E28A5FA5-866E-4C31-9C1D-90BE16CB178B}.Release|Any CPU.ActiveCfg = Release|Any CPU
		{E28A5FA5-866E-4C31-9C1D-90BE16CB178B}.Release|Any CPU.Build.0 = Release|Any CPU
		{DD2735F6-3EDF-445B-823C-BB45D4CA01C5}.Debug|Any CPU.ActiveCfg = Debug|Any CPU
		{DD2735F6-3EDF-445B-823C-BB45D4CA01C5}.Debug|Any CPU.Build.0 = Debug|Any CPU
		{DD2735F6-3EDF-445B-823C-BB45D4CA01C5}.Release|Any CPU.ActiveCfg = Release|Any CPU
		{DD2735F6-3EDF-445B-823C-BB45D4CA01C5}.Release|Any CPU.Build.0 = Release|Any CPU
		{607FE87F-4AFB-479A-985D-C94D4AE5E21B}.Debug|Any CPU.ActiveCfg = Debug|Any CPU
		{607FE87F-4AFB-479A-985D-C94D4AE5E21B}.Debug|Any CPU.Build.0 = Debug|Any CPU
		{607FE87F-4AFB-479A-985D-C94D4AE5E21B}.Release|Any CPU.ActiveCfg = Release|Any CPU
		{607FE87F-4AFB-479A-985D-C94D4AE5E21B}.Release|Any CPU.Build.0 = Release|Any CPU
		{9F70D9B7-48A1-4192-B4E0-532EA886076E}.Debug|Any CPU.ActiveCfg = Debug|Any CPU
		{9F70D9B7-48A1-4192-B4E0-532EA886076E}.Debug|Any CPU.Build.0 = Debug|Any CPU
		{9F70D9B7-48A1-4192-B4E0-532EA886076E}.Release|Any CPU.ActiveCfg = Release|Any CPU
		{9F70D9B7-48A1-4192-B4E0-532EA886076E}.Release|Any CPU.Build.0 = Release|Any CPU
		{081C5987-82DF-4292-83F7-2B71F2FF9B7E}.Debug|Any CPU.ActiveCfg = Debug|Any CPU
		{081C5987-82DF-4292-83F7-2B71F2FF9B7E}.Debug|Any CPU.Build.0 = Debug|Any CPU
		{081C5987-82DF-4292-83F7-2B71F2FF9B7E}.Release|Any CPU.ActiveCfg = Release|Any CPU
		{081C5987-82DF-4292-83F7-2B71F2FF9B7E}.Release|Any CPU.Build.0 = Release|Any CPU
		{7CC60C7D-A5C0-435B-8A49-015F7059CA7F}.Debug|Any CPU.ActiveCfg = Debug|Any CPU
		{7CC60C7D-A5C0-435B-8A49-015F7059CA7F}.Debug|Any CPU.Build.0 = Debug|Any CPU
		{7CC60C7D-A5C0-435B-8A49-015F7059CA7F}.Release|Any CPU.ActiveCfg = Release|Any CPU
		{7CC60C7D-A5C0-435B-8A49-015F7059CA7F}.Release|Any CPU.Build.0 = Release|Any CPU
		{5DE521CA-C159-4091-B9BA-7DC6F0A027E4}.Debug|Any CPU.ActiveCfg = Debug|Any CPU
		{5DE521CA-C159-4091-B9BA-7DC6F0A027E4}.Debug|Any CPU.Build.0 = Debug|Any CPU
		{5DE521CA-C159-4091-B9BA-7DC6F0A027E4}.Release|Any CPU.ActiveCfg = Release|Any CPU
		{5DE521CA-C159-4091-B9BA-7DC6F0A027E4}.Release|Any CPU.Build.0 = Release|Any CPU
		{3E0308EC-801A-4075-9DCF-E10AC0135A14}.Debug|Any CPU.ActiveCfg = Debug|Any CPU
		{3E0308EC-801A-4075-9DCF-E10AC0135A14}.Debug|Any CPU.Build.0 = Debug|Any CPU
		{3E0308EC-801A-4075-9DCF-E10AC0135A14}.Release|Any CPU.ActiveCfg = Release|Any CPU
		{3E0308EC-801A-4075-9DCF-E10AC0135A14}.Release|Any CPU.Build.0 = Release|Any CPU
		{7B368F1D-8BCE-458F-B110-4A55A3E730CD}.Debug|Any CPU.ActiveCfg = Debug|Any CPU
		{7B368F1D-8BCE-458F-B110-4A55A3E730CD}.Debug|Any CPU.Build.0 = Debug|Any CPU
		{7B368F1D-8BCE-458F-B110-4A55A3E730CD}.Release|Any CPU.ActiveCfg = Release|Any CPU
		{7B368F1D-8BCE-458F-B110-4A55A3E730CD}.Release|Any CPU.Build.0 = Release|Any CPU
		{F4E9D121-CF8B-46B4-9652-C423451D0E35}.Debug|Any CPU.ActiveCfg = Debug|Any CPU
		{F4E9D121-CF8B-46B4-9652-C423451D0E35}.Debug|Any CPU.Build.0 = Debug|Any CPU
		{F4E9D121-CF8B-46B4-9652-C423451D0E35}.Release|Any CPU.ActiveCfg = Release|Any CPU
		{F4E9D121-CF8B-46B4-9652-C423451D0E35}.Release|Any CPU.Build.0 = Release|Any CPU
		{0CDFDB04-0801-4A87-9407-EBF8B478CFE5}.Debug|Any CPU.ActiveCfg = Debug|Any CPU
		{0CDFDB04-0801-4A87-9407-EBF8B478CFE5}.Debug|Any CPU.Build.0 = Debug|Any CPU
		{0CDFDB04-0801-4A87-9407-EBF8B478CFE5}.Release|Any CPU.ActiveCfg = Release|Any CPU
		{0CDFDB04-0801-4A87-9407-EBF8B478CFE5}.Release|Any CPU.Build.0 = Release|Any CPU
	EndGlobalSection
	GlobalSection(SolutionProperties) = preSolution
		HideSolutionNode = FALSE
	EndGlobalSection
	GlobalSection(ExtensibilityGlobals) = postSolution
		SolutionGuid = {619E0BE9-8F70-474D-BD0B-5DF9FF8E761E}
	EndGlobalSection
EndGlobal
